# This file is generated by running "yarn install" inside your project.
# Manual changes might be lost - proceed with caution!

__metadata:
  version: 4
  cacheKey: 8

"boot-tailwind@workspace:.":
  version: 0.0.0-use.local
  resolution: "boot-tailwind@workspace:."
  dependencies:
    less: ^4.1.1
  languageName: unknown
  linkType: soft

"copy-anything@npm:^2.0.1":
  version: 2.0.3
  resolution: "copy-anything@npm:2.0.3"
  dependencies:
    is-what: ^3.12.0
  checksum: 50f6423fa7e346416c18658fd253bfbe8783ff51c4f244a3c18c39693369cc7cb84cc9e4a4e109c0ab2f81e44eb345ce9ca8f0fb4b48f4aae3a396423912d60f
  languageName: node
  linkType: hard

"debug@npm:^3.2.6":
  version: 3.2.7
  resolution: "debug@npm:3.2.7"
  dependencies:
    ms: ^2.1.1
  checksum: b3d8c5940799914d30314b7c3304a43305fd0715581a919dacb8b3176d024a782062368405b47491516d2091d6462d4d11f2f4974a405048094f8bfebfa3071c
  languageName: node
  linkType: hard

"errno@npm:^0.1.1":
  version: 0.1.8
  resolution: "errno@npm:0.1.8"
  dependencies:
    prr: ~1.0.1
  bin:
    errno: cli.js
  checksum: 1271f7b9fbb3bcbec76ffde932485d1e3561856d21d847ec613a9722ee924cdd4e523a62dc71a44174d91e898fe21fdc8d5b50823f4b5e0ce8c35c8271e6ef4a
  languageName: node
  linkType: hard

"graceful-fs@npm:^4.1.2":
  version: 4.2.8
  resolution: "graceful-fs@npm:4.2.8"
  checksum: 5d224c8969ad0581d551dfabdb06882706b31af2561bd5e2034b4097e67cc27d05232849b8643866585fd0a41c7af152950f8776f4dd5579e9853733f31461c6
  languageName: node
  linkType: hard

"iconv-lite@npm:^0.4.4":
  version: 0.4.24
  resolution: "iconv-lite@npm:0.4.24"
  dependencies:
    safer-buffer: ">= 2.1.2 < 3"
  checksum: bd9f120f5a5b306f0bc0b9ae1edeb1577161503f5f8252a20f1a9e56ef8775c9959fd01c55f2d3a39d9a8abaf3e30c1abeb1895f367dcbbe0a8fd1c9ca01c4f6
  languageName: node
  linkType: hard

"image-size@npm:~0.5.0":
  version: 0.5.5
  resolution: "image-size@npm:0.5.5"
  bin:
    image-size: bin/image-size.js
  checksum: 6709d5cb73e96d5097ae5e9aa746dd36d6a9c8cf645e7eecac72ea07dbd6f312a65183752762fa92e2f3b698d4ed8d85dd55bf5207b6367245996bd16576d8fe
  languageName: node
  linkType: hard

"is-what@npm:^3.12.0":
  version: 3.14.1
  resolution: "is-what@npm:3.14.1"
  checksum: a9a6ce92d33799f1ae0916c7afb6f8128a23ce9d28bd69d9ec3ec88910e7a1f68432e6236c3c8a4d544cf0b864675e5d828437efde60ee0cf8102061d395c1df
  languageName: node
  linkType: hard

"less@npm:^4.1.1":
  version: 4.1.1
  resolution: "less@npm:4.1.1"
  dependencies:
    copy-anything: ^2.0.1
    errno: ^0.1.1
    graceful-fs: ^4.1.2
    image-size: ~0.5.0
    make-dir: ^2.1.0
    mime: ^1.4.1
    needle: ^2.5.2
    parse-node-version: ^1.0.1
    source-map: ~0.6.0
    tslib: ^1.10.0
  dependenciesMeta:
    errno:
      optional: true
    graceful-fs:
      optional: true
    image-size:
      optional: true
    make-dir:
      optional: true
    mime:
      optional: true
    needle:
      optional: true
    source-map:
      optional: true
  bin:
    lessc: bin/lessc
  checksum: 56872a0b8e9dc58abba585c7b771b42b628ce841e962b1c5c66f0e73eb6c4ce7f4a8e7fe857568c84d17c91e2a384af272bf13a9dcd945e5a2bd08094063d961
  languageName: node
  linkType: hard

"make-dir@npm:^2.1.0":
  version: 2.1.0
  resolution: "make-dir@npm:2.1.0"
  dependencies:
    pify: ^4.0.1
    semver: ^5.6.0
  checksum: 043548886bfaf1820323c6a2997e6d2fa51ccc2586ac14e6f14634f7458b4db2daf15f8c310e2a0abd3e0cddc64df1890d8fc7263033602c47bb12cbfcf86aab
  languageName: node
  linkType: hard

"mime@npm:^1.4.1":
  version: 1.6.0
  resolution: "mime@npm:1.6.0"
  bin:
    mime: cli.js
  checksum: fef25e39263e6d207580bdc629f8872a3f9772c923c7f8c7e793175cee22777bbe8bba95e5d509a40aaa292d8974514ce634ae35769faa45f22d17edda5e8557
  languageName: node
  linkType: hard

"ms@npm:^2.1.1":
  version: 2.1.3
  resolution: "ms@npm:2.1.3"
  checksum: aa92de608021b242401676e35cfa5aa42dd70cbdc082b916da7fb925c542173e36bce97ea3e804923fe92c0ad991434e4a38327e15a1b5b5f945d66df615ae6d
  languageName: node
  linkType: hard

"needle@npm:^2.5.2":
  version: 2.9.1
  resolution: "needle@npm:2.9.1"
  dependencies:
    debug: ^3.2.6
    iconv-lite: ^0.4.4
    sax: ^1.2.4
  bin:
    needle: ./bin/needle
  checksum: 746ae3a3782f0a057ff304a98843cc6f2009f978a0fad0c3e641a9d46d0b5702bb3e197ba08aecd48678067874a991c4f5fc320c7e51a4c041d9dd3441146cf0
  languageName: node
  linkType: hard

"parse-node-version@npm:^1.0.1":
  version: 1.0.1
  resolution: "parse-node-version@npm:1.0.1"
  checksum: c192393b6a978092c1ef8df2c42c0a02e4534b96543e23d335f1b9b5b913ac75473d18fe6050b58d6995c57fb383ee71a5cb8397e363caaf38a6df8215cc52fd
  languageName: node
  linkType: hard

"pify@npm:^4.0.1":
  version: 4.0.1
  resolution: "pify@npm:4.0.1"
  checksum: 9c4e34278cb09987685fa5ef81499c82546c033713518f6441778fbec623fc708777fe8ac633097c72d88470d5963094076c7305cafc7ad340aae27cfacd856b
  languageName: node
  linkType: hard

"prr@npm:~1.0.1":
  version: 1.0.1
  resolution: "prr@npm:1.0.1"
  checksum: 3bca2db0479fd38f8c4c9439139b0c42dcaadcc2fbb7bb8e0e6afaa1383457f1d19aea9e5f961d5b080f1cfc05bfa1fe9e45c97a1d3fd6d421950a73d3108381
  languageName: node
  linkType: hard

"safer-buffer@npm:>= 2.1.2 < 3":
  version: 2.1.2
  resolution: "safer-buffer@npm:2.1.2"
  checksum: cab8f25ae6f1434abee8d80023d7e72b598cf1327164ddab31003c51215526801e40b66c5e65d658a0af1e9d6478cadcb4c745f4bd6751f97d8644786c0978b0
  languageName: node
  linkType: hard

"sax@npm:^1.2.4":
  version: 1.2.4
  resolution: "sax@npm:1.2.4"
  checksum: d3df7d32b897a2c2f28e941f732c71ba90e27c24f62ee918bd4d9a8cfb3553f2f81e5493c7f0be94a11c1911b643a9108f231dd6f60df3fa9586b5d2e3e9e1fe
  languageName: node
  linkType: hard

"semver@npm:^5.6.0":
  version: 5.7.1
  resolution: "semver@npm:5.7.1"
  bin:
    semver: ./bin/semver
  checksum: 57fd0acfd0bac382ee87cd52cd0aaa5af086a7dc8d60379dfe65fea491fb2489b6016400813930ecd61fd0952dae75c115287a1b16c234b1550887117744dfaf
  languageName: node
  linkType: hard

"source-map@npm:~0.6.0":
  version: 0.6.1
  resolution: "source-map@npm:0.6.1"
  checksum: 59ce8640cf3f3124f64ac289012c2b8bd377c238e316fb323ea22fbfe83da07d81e000071d7242cad7a23cd91c7de98e4df8830ec3f133cb6133a5f6e9f67bc2
  languageName: node
  linkType: hard

"tslib@npm:^1.10.0":
  version: 1.14.1
  resolution: "tslib@npm:1.14.1"
  checksum: dbe628ef87f66691d5d2959b3e41b9ca0045c3ee3c7c7b906cc1e328b39f199bb1ad9e671c39025bd56122ac57dfbf7385a94843b1cc07c60a4db74795829acd
  languageName: node
  linkType: hard
